
Microsoft Visual Studio Solution File, Format Version 12.00
# Visual Studio 2012
Project("{FAE04EC0-301F-11D3-BF4B-00C04F79EFBC}") = "Chat Prodan", "Socket Pop\Chat Prodan.csproj", "{AA6946B5-D64C-4C69-BE53-9562F80920FB}"
EndProject
Global
	GlobalSection(SolutionConfigurationPlatforms) = preSolution
		Debug|Any CPU = Debug|Any CPU
		Release|Any CPU = Release|Any CPU
	EndGlobalSection
	GlobalSection(ProjectConfigurationPlatforms) = postSolution
		{AA6946B5-D64C-4C69-BE53-9562F80920FB}.Debug|Any CPU.ActiveCfg = Debug|Any CPU
		{AA6946B5-D64C-4C69-BE53-9562F80920FB}.Debug|Any CPU.Build.0 = Debug|Any CPU
		{AA6946B5-D64C-4C69-BE53-9562F80920FB}.Release|Any CPU.ActiveCfg = Release|Any CPU
		{AA6946B5-D64C-4C69-BE53-9562F80920FB}.Release|Any CPU.Build.0 = Release|Any CPU
	EndGlobalSection
	GlobalSection(SolutionProperties) = preSolution
		HideSolutionNode = FALSE
	EndGlobalSection
EndGlobal
